
Microsoft Visual Studio Solution File, Format Version 12.00
# Visual Studio Version 17
VisualStudioVersion = 17.5.002.0
MinimumVisualStudioVersion = 10.0.40219.1
Project("{2150E333-8FDC-42A3-9474-1A3956D46DE8}") = "CsharpProjects", "CsharpProjects", "{E41D1926-F62B-42FE-B358-5081AB606B63}"
EndProject
Project("{9A19103F-16F7-4668-BE54-9A1E7A4F7556}") = "TestProject", "CsharpProjects\TestProject\TestProject.csproj", "{486E9A69-5D43-4265-AFB4-93EBCBC70529}"
EndProject
Global
	GlobalSection(SolutionConfigurationPlatforms) = preSolution
		Debug|Any CPU = Debug|Any CPU
		Release|Any CPU = Release|Any CPU
	EndGlobalSection
	GlobalSection(ProjectConfigurationPlatforms) = postSolution
		{486E9A69-5D43-4265-AFB4-93EBCBC70529}.Debug|Any CPU.ActiveCfg = Debug|Any CPU
		{486E9A69-5D43-4265-AFB4-93EBCBC70529}.Debug|Any CPU.Build.0 = Debug|Any CPU
		{486E9A69-5D43-4265-AFB4-93EBCBC70529}.Release|Any CPU.ActiveCfg = Release|Any CPU
		{486E9A69-5D43-4265-AFB4-93EBCBC70529}.Release|Any CPU.Build.0 = Release|Any CPU
	EndGlobalSection
	GlobalSection(SolutionProperties) = preSolution
		HideSolutionNode = FALSE
	EndGlobalSection
	GlobalSection(NestedProjects) = preSolution
		{486E9A69-5D43-4265-AFB4-93EBCBC70529} = {E41D1926-F62B-42FE-B358-5081AB606B63}
	EndGlobalSection
	GlobalSection(ExtensibilityGlobals) = postSolution
		SolutionGuid = {6CB9422F-4CAA-4190-96D0-685A7C531F31}
	EndGlobalSection
EndGlobal
